
Microsoft Visual Studio Solution File, Format Version 12.00
# Visual Studio Version 17
VisualStudioVersion = 17.6.33815.320
MinimumVisualStudioVersion = 10.0.40219.1
Project("{FAE04EC0-301F-11D3-BF4B-00C04F79EFBC}") = "SwimmingLesson.Api", "SwimmingLesson.Api\SwimmingLesson.Api.csproj", "{653AE2F2-A0C7-4296-9A78-A1AECECED5A6}"
EndProject
Project("{FAE04EC0-301F-11D3-BF4B-00C04F79EFBC}") = "SwimmingLesson.Core", "SwimmingLesson.Core\SwimmingLesson.Core.csproj", "{3E51B922-1584-4713-9D8B-7BC9DF3E0B99}"
EndProject
Project("{FAE04EC0-301F-11D3-BF4B-00C04F79EFBC}") = "SwimmingLesson.Data", "SwimmingLesson.Data\SwimmingLesson.Data.csproj", "{6C3ED17B-8CB4-43EA-B6AC-81B2B1C1E56B}"
EndProject
Project("{FAE04EC0-301F-11D3-BF4B-00C04F79EFBC}") = "SwimmingLesson.Service", "SwimmingLesson.Service\SwimmingLesson.Service.csproj", "{564568E0-202A-4097-B85B-06437EBB21FD}"
EndProject
Global
	GlobalSection(SolutionConfigurationPlatforms) = preSolution
		Debug|Any CPU = Debug|Any CPU
		Release|Any CPU = Release|Any CPU
	EndGlobalSection
	GlobalSection(ProjectConfigurationPlatforms) = postSolution
		{653AE2F2-A0C7-4296-9A78-A1AECECED5A6}.Debug|Any CPU.ActiveCfg = Debug|Any CPU
		{653AE2F2-A0C7-4296-9A78-A1AECECED5A6}.Debug|Any CPU.Build.0 = Debug|Any CPU
		{653AE2F2-A0C7-4296-9A78-A1AECECED5A6}.Release|Any CPU.ActiveCfg = Release|Any CPU
		{653AE2F2-A0C7-4296-9A78-A1AECECED5A6}.Release|Any CPU.Build.0 = Release|Any CPU
		{3E51B922-1584-4713-9D8B-7BC9DF3E0B99}.Debug|Any CPU.ActiveCfg = Debug|Any CPU
		{3E51B922-1584-4713-9D8B-7BC9DF3E0B99}.Debug|Any CPU.Build.0 = Debug|Any CPU
		{3E51B922-1584-4713-9D8B-7BC9DF3E0B99}.Release|Any CPU.ActiveCfg = Release|Any CPU
		{3E51B922-1584-4713-9D8B-7BC9DF3E0B99}.Release|Any CPU.Build.0 = Release|Any CPU
		{6C3ED17B-8CB4-43EA-B6AC-81B2B1C1E56B}.Debug|Any CPU.ActiveCfg = Debug|Any CPU
		{6C3ED17B-8CB4-43EA-B6AC-81B2B1C1E56B}.Debug|Any CPU.Build.0 = Debug|Any CPU
		{6C3ED17B-8CB4-43EA-B6AC-81B2B1C1E56B}.Release|Any CPU.ActiveCfg = Release|Any CPU
		{6C3ED17B-8CB4-43EA-B6AC-81B2B1C1E56B}.Release|Any CPU.Build.0 = Release|Any CPU
		{564568E0-202A-4097-B85B-06437EBB21FD}.Debug|Any CPU.ActiveCfg = Debug|Any CPU
		{564568E0-202A-4097-B85B-06437EBB21FD}.Debug|Any CPU.Build.0 = Debug|Any CPU
		{564568E0-202A-4097-B85B-06437EBB21FD}.Release|Any CPU.ActiveCfg = Release|Any CPU
		{564568E0-202A-4097-B85B-06437EBB21FD}.Release|Any CPU.Build.0 = Release|Any CPU
	EndGlobalSection
	GlobalSection(SolutionProperties) = preSolution
		HideSolutionNode = FALSE
	EndGlobalSection
	GlobalSection(ExtensibilityGlobals) = postSolution
		SolutionGuid = {1D3D3C17-21A9-435C-9C9A-84D5F1D8F926}
	EndGlobalSection
EndGlobal
